
Microsoft Visual Studio Solution File, Format Version 12.00
# Visual Studio Version 17
VisualStudioVersion = 17.11.35222.181
MinimumVisualStudioVersion = 10.0.40219.1
Project("{9A19103F-16F7-4668-BE54-9A1E7A4F7556}") = "DataAccess", "DataAccess\DataAccess.csproj", "{DF3ECE33-085A-4156-BE3C-4748719472BB}"
EndProject
Project("{9A19103F-16F7-4668-BE54-9A1E7A4F7556}") = "BusinessObject", "BusinessObjects\BusinessObject.csproj", "{21AE77D0-A10B-4C7D-A6F4-4F3B482A9EC3}"
EndProject
Project("{9A19103F-16F7-4668-BE54-9A1E7A4F7556}") = "Repositories", "Repositories\Repositories.csproj", "{742A72BC-D381-424D-AA49-614858B98254}"
EndProject
Project("{9A19103F-16F7-4668-BE54-9A1E7A4F7556}") = "eStoreAPI", "eStoreAPI\eStoreAPI.csproj", "{7DB8FAC6-EE38-4D53-B7D2-8E9ED60D31D1}"
EndProject
Project("{FAE04EC0-301F-11D3-BF4B-00C04F79EFBC}") = "eStore", "eStore\eStore.csproj", "{0FC7C0B5-4806-487D-8590-CABFBCC6BB32}"
EndProject
Global
	GlobalSection(SolutionConfigurationPlatforms) = preSolution
		Debug|Any CPU = Debug|Any CPU
		Release|Any CPU = Release|Any CPU
	EndGlobalSection
	GlobalSection(ProjectConfigurationPlatforms) = postSolution
		{DF3ECE33-085A-4156-BE3C-4748719472BB}.Debug|Any CPU.ActiveCfg = Debug|Any CPU
		{DF3ECE33-085A-4156-BE3C-4748719472BB}.Debug|Any CPU.Build.0 = Debug|Any CPU
		{DF3ECE33-085A-4156-BE3C-4748719472BB}.Release|Any CPU.ActiveCfg = Release|Any CPU
		{DF3ECE33-085A-4156-BE3C-4748719472BB}.Release|Any CPU.Build.0 = Release|Any CPU
		{21AE77D0-A10B-4C7D-A6F4-4F3B482A9EC3}.Debug|Any CPU.ActiveCfg = Debug|Any CPU
		{21AE77D0-A10B-4C7D-A6F4-4F3B482A9EC3}.Debug|Any CPU.Build.0 = Debug|Any CPU
		{21AE77D0-A10B-4C7D-A6F4-4F3B482A9EC3}.Release|Any CPU.ActiveCfg = Release|Any CPU
		{21AE77D0-A10B-4C7D-A6F4-4F3B482A9EC3}.Release|Any CPU.Build.0 = Release|Any CPU
		{742A72BC-D381-424D-AA49-614858B98254}.Debug|Any CPU.ActiveCfg = Debug|Any CPU
		{742A72BC-D381-424D-AA49-614858B98254}.Debug|Any CPU.Build.0 = Debug|Any CPU
		{742A72BC-D381-424D-AA49-614858B98254}.Release|Any CPU.ActiveCfg = Release|Any CPU
		{742A72BC-D381-424D-AA49-614858B98254}.Release|Any CPU.Build.0 = Release|Any CPU
		{7DB8FAC6-EE38-4D53-B7D2-8E9ED60D31D1}.Debug|Any CPU.ActiveCfg = Debug|Any CPU
		{7DB8FAC6-EE38-4D53-B7D2-8E9ED60D31D1}.Debug|Any CPU.Build.0 = Debug|Any CPU
		{7DB8FAC6-EE38-4D53-B7D2-8E9ED60D31D1}.Release|Any CPU.ActiveCfg = Release|Any CPU
		{7DB8FAC6-EE38-4D53-B7D2-8E9ED60D31D1}.Release|Any CPU.Build.0 = Release|Any CPU
		{0FC7C0B5-4806-487D-8590-CABFBCC6BB32}.Debug|Any CPU.ActiveCfg = Debug|Any CPU
		{0FC7C0B5-4806-487D-8590-CABFBCC6BB32}.Debug|Any CPU.Build.0 = Debug|Any CPU
		{0FC7C0B5-4806-487D-8590-CABFBCC6BB32}.Release|Any CPU.ActiveCfg = Release|Any CPU
		{0FC7C0B5-4806-487D-8590-CABFBCC6BB32}.Release|Any CPU.Build.0 = Release|Any CPU
	EndGlobalSection
	GlobalSection(SolutionProperties) = preSolution
		HideSolutionNode = FALSE
	EndGlobalSection
	GlobalSection(ExtensibilityGlobals) = postSolution
		SolutionGuid = {D343803D-33FF-460E-9998-F57122BF095E}
	EndGlobalSection
EndGlobal
